
Microsoft Visual Studio Solution File, Format Version 12.00
# Visual Studio Version 17
VisualStudioVersion = 17.4.33110.190
MinimumVisualStudioVersion = 10.0.40219.1
Project("{FAE04EC0-301F-11D3-BF4B-00C04F79EFBC}") = "UKOL3", "UKOL3\UKOL3.csproj", "{BCEC33D1-6C98-49CE-9D1F-0C564B657DE0}"
EndProject
Global
	GlobalSection(SolutionConfigurationPlatforms) = preSolution
		Debug|Any CPU = Debug|Any CPU
		Release|Any CPU = Release|Any CPU
	EndGlobalSection
	GlobalSection(ProjectConfigurationPlatforms) = postSolution
		{BCEC33D1-6C98-49CE-9D1F-0C564B657DE0}.Debug|Any CPU.ActiveCfg = Debug|Any CPU
		{BCEC33D1-6C98-49CE-9D1F-0C564B657DE0}.Debug|Any CPU.Build.0 = Debug|Any CPU
		{BCEC33D1-6C98-49CE-9D1F-0C564B657DE0}.Release|Any CPU.ActiveCfg = Release|Any CPU
		{BCEC33D1-6C98-49CE-9D1F-0C564B657DE0}.Release|Any CPU.Build.0 = Release|Any CPU
	EndGlobalSection
	GlobalSection(SolutionProperties) = preSolution
		HideSolutionNode = FALSE
	EndGlobalSection
	GlobalSection(ExtensibilityGlobals) = postSolution
		SolutionGuid = {ACCB59B0-8099-4186-B135-705D4C12F397}
	EndGlobalSection
EndGlobal
